
Microsoft Visual Studio Solution File, Format Version 12.00
# Visual Studio 14
VisualStudioVersion = 14.0.25420.1
MinimumVisualStudioVersion = 10.0.40219.1
Project("{FAE04EC0-301F-11D3-BF4B-00C04F79EFBC}") = "DddInPractice.Logic", "DddInPractice.Logic\DddInPractice.Logic.csproj", "{30954482-CE76-49C2-A1FF-0A51B726E63E}"
EndProject
Project("{FAE04EC0-301F-11D3-BF4B-00C04F79EFBC}") = "DddInPractice.Tests", "DddInPractice.Tests\DddInPractice.Tests.csproj", "{3DE02503-BAB8-4A90-A080-783B30D8D42A}"
EndProject
Global
	GlobalSection(SolutionConfigurationPlatforms) = preSolution
		Debug|Any CPU = Debug|Any CPU
		Release|Any CPU = Release|Any CPU
	EndGlobalSection
	GlobalSection(ProjectConfigurationPlatforms) = postSolution
		{30954482-CE76-49C2-A1FF-0A51B726E63E}.Debug|Any CPU.ActiveCfg = Debug|Any CPU
		{30954482-CE76-49C2-A1FF-0A51B726E63E}.Debug|Any CPU.Build.0 = Debug|Any CPU
		{30954482-CE76-49C2-A1FF-0A51B726E63E}.Release|Any CPU.ActiveCfg = Release|Any CPU
		{30954482-CE76-49C2-A1FF-0A51B726E63E}.Release|Any CPU.Build.0 = Release|Any CPU
		{3DE02503-BAB8-4A90-A080-783B30D8D42A}.Debug|Any CPU.ActiveCfg = Debug|Any CPU
		{3DE02503-BAB8-4A90-A080-783B30D8D42A}.Debug|Any CPU.Build.0 = Debug|Any CPU
		{3DE02503-BAB8-4A90-A080-783B30D8D42A}.Release|Any CPU.ActiveCfg = Release|Any CPU
		{3DE02503-BAB8-4A90-A080-783B30D8D42A}.Release|Any CPU.Build.0 = Release|Any CPU
	EndGlobalSection
	GlobalSection(SolutionProperties) = preSolution
		HideSolutionNode = FALSE
	EndGlobalSection
EndGlobal
